{
  "requires": true,
  "lockfileVersion": 1,
  "dependencies": {
    "navspeak-frame-print": {
      "version": "1.0.0",
      "resolved": "https://registry.npmjs.org/navspeak-frame-print/-/navspeak-frame-print-1.0.0.tgz",
      "integrity": "sha512-nbK8pN0ikqccCgM4EfCgI5mAbxJwPocY3+ssdl/n/08zSo4K3yi3T+qiGjz65sLqm0KSbCNQNgsum8jzZ4aolA=="
    }
  }
}
